
Microsoft Visual Studio Solution File, Format Version 12.00
# Visual Studio Version 17
VisualStudioVersion = 17.13.35825.156
MinimumVisualStudioVersion = 10.0.40219.1
Project("{FAE04EC0-301F-11D3-BF4B-00C04F79EFBC}") = "FoodiePoint_proj", "FoodiePoint_proj\FoodiePoint_proj.csproj", "{116A156E-26A7-48C2-BA75-C9EA4C3D5708}"
EndProject
Global
	GlobalSection(SolutionConfigurationPlatforms) = preSolution
		Debug|Any CPU = Debug|Any CPU
		Release|Any CPU = Release|Any CPU
	EndGlobalSection
	GlobalSection(ProjectConfigurationPlatforms) = postSolution
		{116A156E-26A7-48C2-BA75-C9EA4C3D5708}.Debug|Any CPU.ActiveCfg = Debug|Any CPU
		{116A156E-26A7-48C2-BA75-C9EA4C3D5708}.Debug|Any CPU.Build.0 = Debug|Any CPU
		{116A156E-26A7-48C2-BA75-C9EA4C3D5708}.Release|Any CPU.ActiveCfg = Release|Any CPU
		{116A156E-26A7-48C2-BA75-C9EA4C3D5708}.Release|Any CPU.Build.0 = Release|Any CPU
	EndGlobalSection
	GlobalSection(SolutionProperties) = preSolution
		HideSolutionNode = FALSE
	EndGlobalSection
	GlobalSection(ExtensibilityGlobals) = postSolution
		SolutionGuid = {385D8433-12DA-45C6-9F75-FF14A754F94A}
	EndGlobalSection
EndGlobal
