
Microsoft Visual Studio Solution File, Format Version 12.00
# Visual Studio Version 17
VisualStudioVersion = 17.13.35818.85 d17.13
MinimumVisualStudioVersion = 10.0.40219.1
Project("{FAE04EC0-301F-11D3-BF4B-00C04F79EFBC}") = "lab 6a", "lab 6a.csproj", "{5326D098-5870-499C-82C5-4A3766BC4125}"
EndProject
Global
	GlobalSection(SolutionConfigurationPlatforms) = preSolution
		Debug|Any CPU = Debug|Any CPU
		Release|Any CPU = Release|Any CPU
	EndGlobalSection
	GlobalSection(ProjectConfigurationPlatforms) = postSolution
		{5326D098-5870-499C-82C5-4A3766BC4125}.Debug|Any CPU.ActiveCfg = Debug|Any CPU
		{5326D098-5870-499C-82C5-4A3766BC4125}.Debug|Any CPU.Build.0 = Debug|Any CPU
		{5326D098-5870-499C-82C5-4A3766BC4125}.Release|Any CPU.ActiveCfg = Release|Any CPU
		{5326D098-5870-499C-82C5-4A3766BC4125}.Release|Any CPU.Build.0 = Release|Any CPU
	EndGlobalSection
	GlobalSection(SolutionProperties) = preSolution
		HideSolutionNode = FALSE
	EndGlobalSection
	GlobalSection(ExtensibilityGlobals) = postSolution
		SolutionGuid = {76CCE03D-EE3B-4591-B6D2-F2EBB7BCD2DA}
	EndGlobalSection
EndGlobal
